// !$*UTF8*$!
{
	archiveVersion = 1;
	classes = {
	};
	objectVersion = 46;
	objects = {

/* Begin PBXBuildFile section */
		C7276D2E188E313900582EA8 /* EmoticonTextView.m in Sources */ = {isa = PBXBuildFile; fileRef = C7276D2D188E313900582EA8 /* EmoticonTextView.m */; };
		C7A6BEA41882830300162AFB /* EmoticonDictionary.m in Sources */ = {isa = PBXBuildFile; fileRef = C7A6BEA31882830300162AFB /* EmoticonDictionary.m */; };
		C7DD1B9D1878FB4E000BE1EF /* Foundation.framework in Frameworks */ = {isa = PBXBuildFile; fileRef = C7DD1B9C1878FB4E000BE1EF /* Foundation.framework */; };
		C7DD1B9F1878FB4F000BE1EF /* CoreGraphics.framework in Frameworks */ = {isa = PBXBuildFile; fileRef = C7DD1B9E1878FB4F000BE1EF /* CoreGraphics.framework */; };
		C7DD1BA11878FB4F000BE1EF /* UIKit.framework in Frameworks */ = {isa = PBXBuildFile; fileRef = C7DD1BA01878FB4F000BE1EF /* UIKit.framework */; };
		C7DD1BA71878FB4F000BE1EF /* InfoPlist.strings in Resources */ = {isa = PBXBuildFile; fileRef = C7DD1BA51878FB4F000BE1EF /* InfoPlist.strings */; };
		C7DD1BA91878FB4F000BE1EF /* main.m in Sources */ = {isa = PBXBuildFile; fileRef = C7DD1BA81878FB4F000BE1EF /* main.m */; };
		C7DD1BAD1878FB4F000BE1EF /* AppDelegate.m in Sources */ = {isa = PBXBuildFile; fileRef = C7DD1BAC1878FB4F000BE1EF /* AppDelegate.m */; };
		C7DD1BAF1878FB4F000BE1EF /* Images.xcassets in Resources */ = {isa = PBXBuildFile; fileRef = C7DD1BAE1878FB4F000BE1EF /* Images.xcassets */; };
		C7DD1BB61878FB4F000BE1EF /* XCTest.framework in Frameworks */ = {isa = PBXBuildFile; fileRef = C7DD1BB51878FB4F000BE1EF /* XCTest.framework */; };
		C7DD1BB71878FB4F000BE1EF /* Foundation.framework in Frameworks */ = {isa = PBXBuildFile; fileRef = C7DD1B9C1878FB4E000BE1EF /* Foundation.framework */; };
		C7DD1BB81878FB4F000BE1EF /* UIKit.framework in Frameworks */ = {isa = PBXBuildFile; fileRef = C7DD1BA01878FB4F000BE1EF /* UIKit.framework */; };
		C7DD1BC01878FB4F000BE1EF /* InfoPlist.strings in Resources */ = {isa = PBXBuildFile; fileRef = C7DD1BBE1878FB4F000BE1EF /* InfoPlist.strings */; };
		C7DD1BC21878FB4F000BE1EF /* GifMessengerRealTests.m in Sources */ = {isa = PBXBuildFile; fileRef = C7DD1BC11878FB4F000BE1EF /* GifMessengerRealTests.m */; };
		C7DD1BD01878FBAB000BE1EF /* TestViewController.m in Sources */ = {isa = PBXBuildFile; fileRef = C7DD1BCE1878FBAB000BE1EF /* TestViewController.m */; };
		C7DD1BD11878FBAB000BE1EF /* TestViewController.xib in Resources */ = {isa = PBXBuildFile; fileRef = C7DD1BCF1878FBAB000BE1EF /* TestViewController.xib */; };
		C7DD1BD3187901E1000BE1EF /* AVFoundation.framework in Frameworks */ = {isa = PBXBuildFile; fileRef = C7DD1BD2187901E1000BE1EF /* AVFoundation.framework */; };
		C7DD1BDA18794D98000BE1EF /* ImageIO.framework in Frameworks */ = {isa = PBXBuildFile; fileRef = C7DD1BD918794D98000BE1EF /* ImageIO.framework */; };
		C7DD1BDE187A4C82000BE1EF /* EmoticonTextStorage.m in Sources */ = {isa = PBXBuildFile; fileRef = C7DD1BDD187A4C82000BE1EF /* EmoticonTextStorage.m */; };
/* End PBXBuildFile section */

/* Begin PBXContainerItemProxy section */
		C7DD1BB91878FB4F000BE1EF /* PBXContainerItemProxy */ = {
			isa = PBXContainerItemProxy;
			containerPortal = C7DD1B911878FB4E000BE1EF /* Project object */;
			proxyType = 1;
			remoteGlobalIDString = C7DD1B981878FB4E000BE1EF;
			remoteInfo = GifMessengerReal;
		};
/* End PBXContainerItemProxy section */

/* Begin PBXFileReference section */
		C7276D2C188E313900582EA8 /* EmoticonTextView.h */ = {isa = PBXFileReference; fileEncoding = 4; lastKnownFileType = sourcecode.c.h; path = EmoticonTextView.h; sourceTree = "<group>"; };
		C7276D2D188E313900582EA8 /* EmoticonTextView.m */ = {isa = PBXFileReference; fileEncoding = 4; lastKnownFileType = sourcecode.c.objc; path = EmoticonTextView.m; sourceTree = "<group>"; };
		C7A6BEA21882830300162AFB /* EmoticonDictionary.h */ = {isa = PBXFileReference; fileEncoding = 4; lastKnownFileType = sourcecode.c.h; path = EmoticonDictionary.h; sourceTree = "<group>"; };
		C7A6BEA31882830300162AFB /* EmoticonDictionary.m */ = {isa = PBXFileReference; fileEncoding = 4; lastKnownFileType = sourcecode.c.objc; path = EmoticonDictionary.m; sourceTree = "<group>"; };
		C7DD1B991878FB4E000BE1EF /* GifMessengerReal.app */ = {isa = PBXFileReference; explicitFileType = wrapper.application; includeInIndex = 0; path = GifMessengerReal.app; sourceTree = BUILT_PRODUCTS_DIR; };
		C7DD1B9C1878FB4E000BE1EF /* Foundation.framework */ = {isa = PBXFileReference; lastKnownFileType = wrapper.framework; name = Foundation.framework; path = System/Library/Frameworks/Foundation.framework; sourceTree = SDKROOT; };
		C7DD1B9E1878FB4F000BE1EF /* CoreGraphics.framework */ = {isa = PBXFileReference; lastKnownFileType = wrapper.framework; name = CoreGraphics.framework; path = System/Library/Frameworks/CoreGraphics.framework; sourceTree = SDKROOT; };
		C7DD1BA01878FB4F000BE1EF /* UIKit.framework */ = {isa = PBXFileReference; lastKnownFileType = wrapper.framework; name = UIKit.framework; path = System/Library/Frameworks/UIKit.framework; sourceTree = SDKROOT; };
		C7DD1BA41878FB4F000BE1EF /* GifMessengerReal-Info.plist */ = {isa = PBXFileReference; lastKnownFileType = text.plist.xml; path = "GifMessengerReal-Info.plist"; sourceTree = "<group>"; };
		C7DD1BA61878FB4F000BE1EF /* en */ = {isa = PBXFileReference; lastKnownFileType = text.plist.strings; name = en; path = en.lproj/InfoPlist.strings; sourceTree = "<group>"; };
		C7DD1BA81878FB4F000BE1EF /* main.m */ = {isa = PBXFileReference; lastKnownFileType = sourcecode.c.objc; path = main.m; sourceTree = "<group>"; };
		C7DD1BAA1878FB4F000BE1EF /* GifMessengerReal-Prefix.pch */ = {isa = PBXFileReference; lastKnownFileType = sourcecode.c.h; path = "GifMessengerReal-Prefix.pch"; sourceTree = "<group>"; };
		C7DD1BAB1878FB4F000BE1EF /* AppDelegate.h */ = {isa = PBXFileReference; lastKnownFileType = sourcecode.c.h; path = AppDelegate.h; sourceTree = "<group>"; };
		C7DD1BAC1878FB4F000BE1EF /* AppDelegate.m */ = {isa = PBXFileReference; lastKnownFileType = sourcecode.c.objc; path = AppDelegate.m; sourceTree = "<group>"; };
		C7DD1BAE1878FB4F000BE1EF /* Images.xcassets */ = {isa = PBXFileReference; lastKnownFileType = folder.assetcatalog; path = Images.xcassets; sourceTree = "<group>"; };
		C7DD1BB41878FB4F000BE1EF /* GifMessengerRealTests.xctest */ = {isa = PBXFileReference; explicitFileType = wrapper.cfbundle; includeInIndex = 0; path = GifMessengerRealTests.xctest; sourceTree = BUILT_PRODUCTS_DIR; };
		C7DD1BB51878FB4F000BE1EF /* XCTest.framework */ = {isa = PBXFileReference; lastKnownFileType = wrapper.framework; name = XCTest.framework; path = Library/Frameworks/XCTest.framework; sourceTree = DEVELOPER_DIR; };
		C7DD1BBD1878FB4F000BE1EF /* GifMessengerRealTests-Info.plist */ = {isa = PBXFileReference; lastKnownFileType = text.plist.xml; path = "GifMessengerRealTests-Info.plist"; sourceTree = "<group>"; };
		C7DD1BBF1878FB4F000BE1EF /* en */ = {isa = PBXFileReference; lastKnownFileType = text.plist.strings; name = en; path = en.lproj/InfoPlist.strings; sourceTree = "<group>"; };
		C7DD1BC11878FB4F000BE1EF /* GifMessengerRealTests.m */ = {isa = PBXFileReference; lastKnownFileType = sourcecode.c.objc; path = GifMessengerRealTests.m; sourceTree = "<group>"; };
		C7DD1BCD1878FBAB000BE1EF /* TestViewController.h */ = {isa = PBXFileReference; fileEncoding = 4; lastKnownFileType = sourcecode.c.h; name = TestViewController.h; path = ../TestViewController.h; sourceTree = "<group>"; };
		C7DD1BCE1878FBAB000BE1EF /* TestViewController.m */ = {isa = PBXFileReference; fileEncoding = 4; lastKnownFileType = sourcecode.c.objc; name = TestViewController.m; path = ../TestViewController.m; sourceTree = "<group>"; };
		C7DD1BCF1878FBAB000BE1EF /* TestViewController.xib */ = {isa = PBXFileReference; fileEncoding = 4; lastKnownFileType = file.xib; name = TestViewController.xib; path = ../TestViewController.xib; sourceTree = "<group>"; };
		C7DD1BD2187901E1000BE1EF /* AVFoundation.framework */ = {isa = PBXFileReference; lastKnownFileType = wrapper.framework; name = AVFoundation.framework; path = System/Library/Frameworks/AVFoundation.framework; sourceTree = SDKROOT; };
		C7DD1BD918794D98000BE1EF /* ImageIO.framework */ = {isa = PBXFileReference; lastKnownFileType = wrapper.framework; name = ImageIO.framework; path = System/Library/Frameworks/ImageIO.framework; sourceTree = SDKROOT; };
		C7DD1BDC187A4C82000BE1EF /* EmoticonTextStorage.h */ = {isa = PBXFileReference; fileEncoding = 4; lastKnownFileType = sourcecode.c.h; path = EmoticonTextStorage.h; sourceTree = "<group>"; };
		C7DD1BDD187A4C82000BE1EF /* EmoticonTextStorage.m */ = {isa = PBXFileReference; fileEncoding = 4; lastKnownFileType = sourcecode.c.objc; path = EmoticonTextStorage.m; sourceTree = "<group>"; };
/* End PBXFileReference section */

/* Begin PBXFrameworksBuildPhase section */
		C7DD1B961878FB4E000BE1EF /* Frameworks */ = {
			isa = PBXFrameworksBuildPhase;
			buildActionMask = 2147483647;
			files = (
				C7DD1BDA18794D98000BE1EF /* ImageIO.framework in Frameworks */,
				C7DD1BD3187901E1000BE1EF /* AVFoundation.framework in Frameworks */,
				C7DD1B9F1878FB4F000BE1EF /* CoreGraphics.framework in Frameworks */,
				C7DD1BA11878FB4F000BE1EF /* UIKit.framework in Frameworks */,
				C7DD1B9D1878FB4E000BE1EF /* Foundation.framework in Frameworks */,
			);
			runOnlyForDeploymentPostprocessing = 0;
		};
		C7DD1BB11878FB4F000BE1EF /* Frameworks */ = {
			isa = PBXFrameworksBuildPhase;
			buildActionMask = 2147483647;
			files = (
				C7DD1BB61878FB4F000BE1EF /* XCTest.framework in Frameworks */,
				C7DD1BB81878FB4F000BE1EF /* UIKit.framework in Frameworks */,
				C7DD1BB71878FB4F000BE1EF /* Foundation.framework in Frameworks */,
			);
			runOnlyForDeploymentPostprocessing = 0;
		};
/* End PBXFrameworksBuildPhase section */

/* Begin PBXGroup section */
		C7DD1B901878FB4E000BE1EF = {
			isa = PBXGroup;
			children = (
				C7DD1BA21878FB4F000BE1EF /* GifMessengerReal */,
				C7DD1BD418794D37000BE1EF /* Libraries */,
				C7DD1BBB1878FB4F000BE1EF /* GifMessengerRealTests */,
				C7DD1B9B1878FB4E000BE1EF /* Frameworks */,
				C7DD1B9A1878FB4E000BE1EF /* Products */,
			);
			sourceTree = "<group>";
		};
		C7DD1B9A1878FB4E000BE1EF /* Products */ = {
			isa = PBXGroup;
			children = (
				C7DD1B991878FB4E000BE1EF /* GifMessengerReal.app */,
				C7DD1BB41878FB4F000BE1EF /* GifMessengerRealTests.xctest */,
			);
			name = Products;
			sourceTree = "<group>";
		};
		C7DD1B9B1878FB4E000BE1EF /* Frameworks */ = {
			isa = PBXGroup;
			children = (
				C7DD1BD918794D98000BE1EF /* ImageIO.framework */,
				C7DD1BD2187901E1000BE1EF /* AVFoundation.framework */,
				C7DD1B9C1878FB4E000BE1EF /* Foundation.framework */,
				C7DD1B9E1878FB4F000BE1EF /* CoreGraphics.framework */,
				C7DD1BA01878FB4F000BE1EF /* UIKit.framework */,
				C7DD1BB51878FB4F000BE1EF /* XCTest.framework */,
			);
			name = Frameworks;
			sourceTree = "<group>";
		};
		C7DD1BA21878FB4F000BE1EF /* GifMessengerReal */ = {
			isa = PBXGroup;
			children = (
				C7276D2C188E313900582EA8 /* EmoticonTextView.h */,
				C7276D2D188E313900582EA8 /* EmoticonTextView.m */,
				C7A6BEA21882830300162AFB /* EmoticonDictionary.h */,
				C7A6BEA31882830300162AFB /* EmoticonDictionary.m */,
				C7DD1BDC187A4C82000BE1EF /* EmoticonTextStorage.h */,
				C7DD1BDD187A4C82000BE1EF /* EmoticonTextStorage.m */,
				C7DD1BCD1878FBAB000BE1EF /* TestViewController.h */,
				C7DD1BCE1878FBAB000BE1EF /* TestViewController.m */,
				C7DD1BCF1878FBAB000BE1EF /* TestViewController.xib */,
				C7DD1BAB1878FB4F000BE1EF /* AppDelegate.h */,
				C7DD1BAC1878FB4F000BE1EF /* AppDelegate.m */,
				C7DD1BAE1878FB4F000BE1EF /* Images.xcassets */,
				C7DD1BA31878FB4F000BE1EF /* Supporting Files */,
			);
			path = GifMessengerReal;
			sourceTree = "<group>";
		};
		C7DD1BA31878FB4F000BE1EF /* Supporting Files */ = {
			isa = PBXGroup;
			children = (
				C7DD1BA41878FB4F000BE1EF /* GifMessengerReal-Info.plist */,
				C7DD1BA51878FB4F000BE1EF /* InfoPlist.strings */,
				C7DD1BA81878FB4F000BE1EF /* main.m */,
				C7DD1BAA1878FB4F000BE1EF /* GifMessengerReal-Prefix.pch */,
			);
			name = "Supporting Files";
			sourceTree = "<group>";
		};
		C7DD1BBB1878FB4F000BE1EF /* GifMessengerRealTests */ = {
			isa = PBXGroup;
			children = (
				C7DD1BC11878FB4F000BE1EF /* GifMessengerRealTests.m */,
				C7DD1BBC1878FB4F000BE1EF /* Supporting Files */,
			);
			path = GifMessengerRealTests;
			sourceTree = "<group>";
		};
		C7DD1BBC1878FB4F000BE1EF /* Supporting Files */ = {
			isa = PBXGroup;
			children = (
				C7DD1BBD1878FB4F000BE1EF /* GifMessengerRealTests-Info.plist */,
				C7DD1BBE1878FB4F000BE1EF /* InfoPlist.strings */,
			);
			name = "Supporting Files";
			sourceTree = "<group>";
		};
		C7DD1BD418794D37000BE1EF /* Libraries */ = {
			isa = PBXGroup;
			children = (
			);
			path = Libraries;
			sourceTree = SOURCE_ROOT;
		};
/* End PBXGroup section */

/* Begin PBXNativeTarget section */
		C7DD1B981878FB4E000BE1EF /* GifMessengerReal */ = {
			isa = PBXNativeTarget;
			buildConfigurationList = C7DD1BC51878FB4F000BE1EF /* Build configuration list for PBXNativeTarget "GifMessengerReal" */;
			buildPhases = (
				C7DD1B951878FB4E000BE1EF /* Sources */,
				C7DD1B961878FB4E000BE1EF /* Frameworks */,
				C7DD1B971878FB4E000BE1EF /* Resources */,
			);
			buildRules = (
			);
			dependencies = (
			);
			name = GifMessengerReal;
			productName = GifMessengerReal;
			productReference = C7DD1B991878FB4E000BE1EF /* GifMessengerReal.app */;
			productType = "com.apple.product-type.application";
		};
		C7DD1BB31878FB4F000BE1EF /* GifMessengerRealTests */ = {
			isa = PBXNativeTarget;
			buildConfigurationList = C7DD1BC81878FB4F000BE1EF /* Build configuration list for PBXNativeTarget "GifMessengerRealTests" */;
			buildPhases = (
				C7DD1BB01878FB4F000BE1EF /* Sources */,
				C7DD1BB11878FB4F000BE1EF /* Frameworks */,
				C7DD1BB21878FB4F000BE1EF /* Resources */,
			);
			buildRules = (
			);
			dependencies = (
				C7DD1BBA1878FB4F000BE1EF /* PBXTargetDependency */,
			);
			name = GifMessengerRealTests;
			productName = GifMessengerRealTests;
			productReference = C7DD1BB41878FB4F000BE1EF /* GifMessengerRealTests.xctest */;
			productType = "com.apple.product-type.bundle.unit-test";
		};
/* End PBXNativeTarget section */

/* Begin PBXProject section */
		C7DD1B911878FB4E000BE1EF /* Project object */ = {
			isa = PBXProject;
			attributes = {
				LastUpgradeCheck = 0500;
				ORGANIZATIONNAME = "Andy Hin";
				TargetAttributes = {
					C7DD1BB31878FB4F000BE1EF = {
						TestTargetID = C7DD1B981878FB4E000BE1EF;
					};
				};
			};
			buildConfigurationList = C7DD1B941878FB4E000BE1EF /* Build configuration list for PBXProject "GifMessengerReal" */;
			compatibilityVersion = "Xcode 3.2";
			developmentRegion = English;
			hasScannedForEncodings = 0;
			knownRegions = (
				en,
			);
			mainGroup = C7DD1B901878FB4E000BE1EF;
			productRefGroup = C7DD1B9A1878FB4E000BE1EF /* Products */;
			projectDirPath = "";
			projectRoot = "";
			targets = (
				C7DD1B981878FB4E000BE1EF /* GifMessengerReal */,
				C7DD1BB31878FB4F000BE1EF /* GifMessengerRealTests */,
			);
		};
/* End PBXProject section */

/* Begin PBXResourcesBuildPhase section */
		C7DD1B971878FB4E000BE1EF /* Resources */ = {
			isa = PBXResourcesBuildPhase;
			buildActionMask = 2147483647;
			files = (
				C7DD1BA71878FB4F000BE1EF /* InfoPlist.strings in Resources */,
				C7DD1BD11878FBAB000BE1EF /* TestViewController.xib in Resources */,
				C7DD1BAF1878FB4F000BE1EF /* Images.xcassets in Resources */,
			);
			runOnlyForDeploymentPostprocessing = 0;
		};
		C7DD1BB21878FB4F000BE1EF /* Resources */ = {
			isa = PBXResourcesBuildPhase;
			buildActionMask = 2147483647;
			files = (
				C7DD1BC01878FB4F000BE1EF /* InfoPlist.strings in Resources */,
			);
			runOnlyForDeploymentPostprocessing = 0;
		};
/* End PBXResourcesBuildPhase section */

/* Begin PBXSourcesBuildPhase section */
		C7DD1B951878FB4E000BE1EF /* Sources */ = {
			isa = PBXSourcesBuildPhase;
			buildActionMask = 2147483647;
			files = (
				C7DD1BDE187A4C82000BE1EF /* EmoticonTextStorage.m in Sources */,
				C7DD1BD01878FBAB000BE1EF /* TestViewController.m in Sources */,
				C7DD1BAD1878FB4F000BE1EF /* AppDelegate.m in Sources */,
				C7276D2E188E313900582EA8 /* EmoticonTextView.m in Sources */,
				C7DD1BA91878FB4F000BE1EF /* main.m in Sources */,
				C7A6BEA41882830300162AFB /* EmoticonDictionary.m in Sources */,
			);
			runOnlyForDeploymentPostprocessing = 0;
		};
		C7DD1BB01878FB4F000BE1EF /* Sources */ = {
			isa = PBXSourcesBuildPhase;
			buildActionMask = 2147483647;
			files = (
				C7DD1BC21878FB4F000BE1EF /* GifMessengerRealTests.m in Sources */,
			);
			runOnlyForDeploymentPostprocessing = 0;
		};
/* End PBXSourcesBuildPhase section */

/* Begin PBXTargetDependency section */
		C7DD1BBA1878FB4F000BE1EF /* PBXTargetDependency */ = {
			isa = PBXTargetDependency;
			target = C7DD1B981878FB4E000BE1EF /* GifMessengerReal */;
			targetProxy = C7DD1BB91878FB4F000BE1EF /* PBXContainerItemProxy */;
		};
/* End PBXTargetDependency section */

/* Begin PBXVariantGroup section */
		C7DD1BA51878FB4F000BE1EF /* InfoPlist.strings */ = {
			isa = PBXVariantGroup;
			children = (
				C7DD1BA61878FB4F000BE1EF /* en */,
			);
			name = InfoPlist.strings;
			sourceTree = "<group>";
		};
		C7DD1BBE1878FB4F000BE1EF /* InfoPlist.strings */ = {
			isa = PBXVariantGroup;
			children = (
				C7DD1BBF1878FB4F000BE1EF /* en */,
			);
			name = InfoPlist.strings;
			sourceTree = "<group>";
		};
/* End PBXVariantGroup section */

/* Begin XCBuildConfiguration section */
		C7DD1BC31878FB4F000BE1EF /* Debug */ = {
			isa = XCBuildConfiguration;
			buildSettings = {
				ALWAYS_SEARCH_USER_PATHS = NO;
				ARCHS = "$(ARCHS_STANDARD_INCLUDING_64_BIT)";
				CLANG_CXX_LANGUAGE_STANDARD = "gnu++0x";
				CLANG_CXX_LIBRARY = "libc++";
				CLANG_ENABLE_MODULES = YES;
				CLANG_ENABLE_OBJC_ARC = YES;
				CLANG_WARN_BOOL_CONVERSION = YES;
				CLANG_WARN_CONSTANT_CONVERSION = YES;
				CLANG_WARN_DIRECT_OBJC_ISA_USAGE = YES_ERROR;
				CLANG_WARN_EMPTY_BODY = YES;
				CLANG_WARN_ENUM_CONVERSION = YES;
				CLANG_WARN_INT_CONVERSION = YES;
				CLANG_WARN_OBJC_ROOT_CLASS = YES_ERROR;
				CLANG_WARN__DUPLICATE_METHOD_MATCH = YES;
				"CODE_SIGN_IDENTITY[sdk=iphoneos*]" = "iPhone Developer";
				COPY_PHASE_STRIP = NO;
				GCC_C_LANGUAGE_STANDARD = gnu99;
				GCC_DYNAMIC_NO_PIC = NO;
				GCC_OPTIMIZATION_LEVEL = 0;
				GCC_PREPROCESSOR_DEFINITIONS = (
					"DEBUG=1",
					"$(inherited)",
				);
				GCC_SYMBOLS_PRIVATE_EXTERN = NO;
				GCC_WARN_64_TO_32_BIT_CONVERSION = YES;
				GCC_WARN_ABOUT_RETURN_TYPE = YES_ERROR;
				GCC_WARN_UNDECLARED_SELECTOR = YES;
				GCC_WARN_UNINITIALIZED_AUTOS = YES;
				GCC_WARN_UNUSED_FUNCTION = YES;
				GCC_WARN_UNUSED_VARIABLE = YES;
				IPHONEOS_DEPLOYMENT_TARGET = 7.0;
				ONLY_ACTIVE_ARCH = YES;
				SDKROOT = iphoneos;
			};
			name = Debug;
		};
		C7DD1BC41878FB4F000BE1EF /* Release */ = {
			isa = XCBuildConfiguration;
			buildSettings = {
				ALWAYS_SEARCH_USER_PATHS = NO;
				ARCHS = "$(ARCHS_STANDARD_INCLUDING_64_BIT)";
				CLANG_CXX_LANGUAGE_STANDARD = "gnu++0x";
				CLANG_CXX_LIBRARY = "libc++";
				CLANG_ENABLE_MODULES = YES;
				CLANG_ENABLE_OBJC_ARC = YES;
				CLANG_WARN_BOOL_CONVERSION = YES;
				CLANG_WARN_CONSTANT_CONVERSION = YES;
				CLANG_WARN_DIRECT_OBJC_ISA_USAGE = YES_ERROR;
				CLANG_WARN_EMPTY_BODY = YES;
				CLANG_WARN_ENUM_CONVERSION = YES;
				CLANG_WARN_INT_CONVERSION = YES;
				CLANG_WARN_OBJC_ROOT_CLASS = YES_ERROR;
				CLANG_WARN__DUPLICATE_METHOD_MATCH = YES;
				"CODE_SIGN_IDENTITY[sdk=iphoneos*]" = "iPhone Developer";
				COPY_PHASE_STRIP = YES;
				ENABLE_NS_ASSERTIONS = NO;
				GCC_C_LANGUAGE_STANDARD = gnu99;
				GCC_WARN_64_TO_32_BIT_CONVERSION = YES;
				GCC_WARN_ABOUT_RETURN_TYPE = YES_ERROR;
				GCC_WARN_UNDECLARED_SELECTOR = YES;
				GCC_WARN_UNINITIALIZED_AUTOS = YES;
				GCC_WARN_UNUSED_FUNCTION = YES;
				GCC_WARN_UNUSED_VARIABLE = YES;
				IPHONEOS_DEPLOYMENT_TARGET = 7.0;
				SDKROOT = iphoneos;
				VALIDATE_PRODUCT = YES;
			};
			name = Release;
		};
		C7DD1BC61878FB4F000BE1EF /* Debug */ = {
			isa = XCBuildConfiguration;
			buildSettings = {
				ASSETCATALOG_COMPILER_APPICON_NAME = AppIcon;
				ASSETCATALOG_COMPILER_LAUNCHIMAGE_NAME = LaunchImage;
				GCC_PRECOMPILE_PREFIX_HEADER = YES;
				GCC_PREFIX_HEADER = "GifMessengerReal/GifMessengerReal-Prefix.pch";
				INFOPLIST_FILE = "GifMessengerReal/GifMessengerReal-Info.plist";
				PRODUCT_NAME = "$(TARGET_NAME)";
				WRAPPER_EXTENSION = app;
			};
			name = Debug;
		};
		C7DD1BC71878FB4F000BE1EF /* Release */ = {
			isa = XCBuildConfiguration;
			buildSettings = {
				ASSETCATALOG_COMPILER_APPICON_NAME = AppIcon;
				ASSETCATALOG_COMPILER_LAUNCHIMAGE_NAME = LaunchImage;
				GCC_PRECOMPILE_PREFIX_HEADER = YES;
				GCC_PREFIX_HEADER = "GifMessengerReal/GifMessengerReal-Prefix.pch";
				INFOPLIST_FILE = "GifMessengerReal/GifMessengerReal-Info.plist";
				PRODUCT_NAME = "$(TARGET_NAME)";
				WRAPPER_EXTENSION = app;
			};
			name = Release;
		};
		C7DD1BC91878FB4F000BE1EF /* Debug */ = {
			isa = XCBuildConfiguration;
			buildSettings = {
				ARCHS = "$(ARCHS_STANDARD_INCLUDING_64_BIT)";
				BUNDLE_LOADER = "$(BUILT_PRODUCTS_DIR)/GifMessengerReal.app/GifMessengerReal";
				FRAMEWORK_SEARCH_PATHS = (
					"$(SDKROOT)/Developer/Library/Frameworks",
					"$(inherited)",
					"$(DEVELOPER_FRAMEWORKS_DIR)",
				);
				GCC_PRECOMPILE_PREFIX_HEADER = YES;
				GCC_PREFIX_HEADER = "GifMessengerReal/GifMessengerReal-Prefix.pch";
				GCC_PREPROCESSOR_DEFINITIONS = (
					"DEBUG=1",
					"$(inherited)",
				);
				INFOPLIST_FILE = "GifMessengerRealTests/GifMessengerRealTests-Info.plist";
				PRODUCT_NAME = "$(TARGET_NAME)";
				TEST_HOST = "$(BUNDLE_LOADER)";
				WRAPPER_EXTENSION = xctest;
			};
			name = Debug;
		};
		C7DD1BCA1878FB4F000BE1EF /* Release */ = {
			isa = XCBuildConfiguration;
			buildSettings = {
				ARCHS = "$(ARCHS_STANDARD_INCLUDING_64_BIT)";
				BUNDLE_LOADER = "$(BUILT_PRODUCTS_DIR)/GifMessengerReal.app/GifMessengerReal";
				FRAMEWORK_SEARCH_PATHS = (
					"$(SDKROOT)/Developer/Library/Frameworks",
					"$(inherited)",
					"$(DEVELOPER_FRAMEWORKS_DIR)",
				);
				GCC_PRECOMPILE_PREFIX_HEADER = YES;
				GCC_PREFIX_HEADER = "GifMessengerReal/GifMessengerReal-Prefix.pch";
				INFOPLIST_FILE = "GifMessengerRealTests/GifMessengerRealTests-Info.plist";
				PRODUCT_NAME = "$(TARGET_NAME)";
				TEST_HOST = "$(BUNDLE_LOADER)";
				WRAPPER_EXTENSION = xctest;
			};
			name = Release;
		};
/* End XCBuildConfiguration section */

/* Begin XCConfigurationList section */
		C7DD1B941878FB4E000BE1EF /* Build configuration list for PBXProject "GifMessengerReal" */ = {
			isa = XCConfigurationList;
			buildConfigurations = (
				C7DD1BC31878FB4F000BE1EF /* Debug */,
				C7DD1BC41878FB4F000BE1EF /* Release */,
			);
			defaultConfigurationIsVisible = 0;
			defaultConfigurationName = Release;
		};
		C7DD1BC51878FB4F000BE1EF /* Build configuration list for PBXNativeTarget "GifMessengerReal" */ = {
			isa = XCConfigurationList;
			buildConfigurations = (
				C7DD1BC61878FB4F000BE1EF /* Debug */,
				C7DD1BC71878FB4F000BE1EF /* Release */,
			);
			defaultConfigurationIsVisible = 0;
			defaultConfigurationName = Release;
		};
		C7DD1BC81878FB4F000BE1EF /* Build configuration list for PBXNativeTarget "GifMessengerRealTests" */ = {
			isa = XCConfigurationList;
			buildConfigurations = (
				C7DD1BC91878FB4F000BE1EF /* Debug */,
				C7DD1BCA1878FB4F000BE1EF /* Release */,
			);
			defaultConfigurationIsVisible = 0;
			defaultConfigurationName = Release;
		};
/* End XCConfigurationList section */
	};
	rootObject = C7DD1B911878FB4E000BE1EF /* Project object */;
}
